
Microsoft Visual Studio Solution File, Format Version 12.00
# Visual Studio Version 16
VisualStudioVersion = 16.0.30907.101
MinimumVisualStudioVersion = 15.0.26124.0
Project("{2150E333-8FDC-42A3-9474-1A3956D46DE8}") = "HelloWord", "HelloWord", "{494C9545-3F0E-4AE5-826C-0EE4C413CC9D}"
EndProject
Project("{9A19103F-16F7-4668-BE54-9A1E7A4F7556}") = "GrpcHelloWordService", "GrpcHelloWordService\GrpcHelloWordService.csproj", "{FAEE2EFF-BB7F-40FC-BAEB-2D1C73D8C8FD}"
EndProject
Project("{9A19103F-16F7-4668-BE54-9A1E7A4F7556}") = "GrpcHelloWordClient", "GrpcHelloWordClient\GrpcHelloWordClient.csproj", "{AA0ED25E-4258-4151-877B-200A6510E416}"
EndProject
Project("{2150E333-8FDC-42A3-9474-1A3956D46DE8}") = "SelfHost", "SelfHost", "{9A9EBD2F-0D15-445F-8027-E7BC9E2C7308}"
EndProject
Project("{9A19103F-16F7-4668-BE54-9A1E7A4F7556}") = "GrpcSelfHostHelloWordService", "GrpcSelfHostHelloWordService\GrpcSelfHostHelloWordService.csproj", "{C3CA1751-3058-4560-B851-B1B72D2A8BBB}"
EndProject
Project("{9A19103F-16F7-4668-BE54-9A1E7A4F7556}") = "GrpcSelfHostHelloWordClient", "GrpcSelfHostHelloWordClient\GrpcSelfHostHelloWordClient.csproj", "{AFF6BB01-2A91-4857-B77F-6D7E9ACE5DFB}"
EndProject
Project("{2150E333-8FDC-42A3-9474-1A3956D46DE8}") = "SelfHostStream", "SelfHostStream", "{353471FC-F0A4-4BE6-89C7-70C611D3CA81}"
EndProject
Project("{FAE04EC0-301F-11D3-BF4B-00C04F79EFBC}") = "SelfHostStreamService", "SelfHostStreamService\SelfHostStreamService.csproj", "{FD52600E-7E7E-498C-958C-017C270F57FE}"
EndProject
Project("{FAE04EC0-301F-11D3-BF4B-00C04F79EFBC}") = "SelfHostStreamClient", "SelfHostStreamClient\SelfHostStreamClient.csproj", "{5AA114C4-3A16-4D04-AC23-53C544033E4E}"
EndProject
Global
	GlobalSection(SolutionConfigurationPlatforms) = preSolution
		Debug|Any CPU = Debug|Any CPU
		Debug|x64 = Debug|x64
		Debug|x86 = Debug|x86
		Release|Any CPU = Release|Any CPU
		Release|x64 = Release|x64
		Release|x86 = Release|x86
	EndGlobalSection
	GlobalSection(ProjectConfigurationPlatforms) = postSolution
		{FAEE2EFF-BB7F-40FC-BAEB-2D1C73D8C8FD}.Debug|Any CPU.ActiveCfg = Debug|Any CPU
		{FAEE2EFF-BB7F-40FC-BAEB-2D1C73D8C8FD}.Debug|Any CPU.Build.0 = Debug|Any CPU
		{FAEE2EFF-BB7F-40FC-BAEB-2D1C73D8C8FD}.Debug|x64.ActiveCfg = Debug|Any CPU
		{FAEE2EFF-BB7F-40FC-BAEB-2D1C73D8C8FD}.Debug|x64.Build.0 = Debug|Any CPU
		{FAEE2EFF-BB7F-40FC-BAEB-2D1C73D8C8FD}.Debug|x86.ActiveCfg = Debug|Any CPU
		{FAEE2EFF-BB7F-40FC-BAEB-2D1C73D8C8FD}.Debug|x86.Build.0 = Debug|Any CPU
		{FAEE2EFF-BB7F-40FC-BAEB-2D1C73D8C8FD}.Release|Any CPU.ActiveCfg = Release|Any CPU
		{FAEE2EFF-BB7F-40FC-BAEB-2D1C73D8C8FD}.Release|Any CPU.Build.0 = Release|Any CPU
		{FAEE2EFF-BB7F-40FC-BAEB-2D1C73D8C8FD}.Release|x64.ActiveCfg = Release|Any CPU
		{FAEE2EFF-BB7F-40FC-BAEB-2D1C73D8C8FD}.Release|x64.Build.0 = Release|Any CPU
		{FAEE2EFF-BB7F-40FC-BAEB-2D1C73D8C8FD}.Release|x86.ActiveCfg = Release|Any CPU
		{FAEE2EFF-BB7F-40FC-BAEB-2D1C73D8C8FD}.Release|x86.Build.0 = Release|Any CPU
		{AA0ED25E-4258-4151-877B-200A6510E416}.Debug|Any CPU.ActiveCfg = Debug|Any CPU
		{AA0ED25E-4258-4151-877B-200A6510E416}.Debug|Any CPU.Build.0 = Debug|Any CPU
		{AA0ED25E-4258-4151-877B-200A6510E416}.Debug|x64.ActiveCfg = Debug|Any CPU
		{AA0ED25E-4258-4151-877B-200A6510E416}.Debug|x64.Build.0 = Debug|Any CPU
		{AA0ED25E-4258-4151-877B-200A6510E416}.Debug|x86.ActiveCfg = Debug|Any CPU
		{AA0ED25E-4258-4151-877B-200A6510E416}.Debug|x86.Build.0 = Debug|Any CPU
		{AA0ED25E-4258-4151-877B-200A6510E416}.Release|Any CPU.ActiveCfg = Release|Any CPU
		{AA0ED25E-4258-4151-877B-200A6510E416}.Release|Any CPU.Build.0 = Release|Any CPU
		{AA0ED25E-4258-4151-877B-200A6510E416}.Release|x64.ActiveCfg = Release|Any CPU
		{AA0ED25E-4258-4151-877B-200A6510E416}.Release|x64.Build.0 = Release|Any CPU
		{AA0ED25E-4258-4151-877B-200A6510E416}.Release|x86.ActiveCfg = Release|Any CPU
		{AA0ED25E-4258-4151-877B-200A6510E416}.Release|x86.Build.0 = Release|Any CPU
		{C3CA1751-3058-4560-B851-B1B72D2A8BBB}.Debug|Any CPU.ActiveCfg = Debug|Any CPU
		{C3CA1751-3058-4560-B851-B1B72D2A8BBB}.Debug|Any CPU.Build.0 = Debug|Any CPU
		{C3CA1751-3058-4560-B851-B1B72D2A8BBB}.Debug|x64.ActiveCfg = Debug|Any CPU
		{C3CA1751-3058-4560-B851-B1B72D2A8BBB}.Debug|x64.Build.0 = Debug|Any CPU
		{C3CA1751-3058-4560-B851-B1B72D2A8BBB}.Debug|x86.ActiveCfg = Debug|Any CPU
		{C3CA1751-3058-4560-B851-B1B72D2A8BBB}.Debug|x86.Build.0 = Debug|Any CPU
		{C3CA1751-3058-4560-B851-B1B72D2A8BBB}.Release|Any CPU.ActiveCfg = Release|Any CPU
		{C3CA1751-3058-4560-B851-B1B72D2A8BBB}.Release|Any CPU.Build.0 = Release|Any CPU
		{C3CA1751-3058-4560-B851-B1B72D2A8BBB}.Release|x64.ActiveCfg = Release|Any CPU
		{C3CA1751-3058-4560-B851-B1B72D2A8BBB}.Release|x64.Build.0 = Release|Any CPU
		{C3CA1751-3058-4560-B851-B1B72D2A8BBB}.Release|x86.ActiveCfg = Release|Any CPU
		{C3CA1751-3058-4560-B851-B1B72D2A8BBB}.Release|x86.Build.0 = Release|Any CPU
		{AFF6BB01-2A91-4857-B77F-6D7E9ACE5DFB}.Debug|Any CPU.ActiveCfg = Debug|Any CPU
		{AFF6BB01-2A91-4857-B77F-6D7E9ACE5DFB}.Debug|Any CPU.Build.0 = Debug|Any CPU
		{AFF6BB01-2A91-4857-B77F-6D7E9ACE5DFB}.Debug|x64.ActiveCfg = Debug|Any CPU
		{AFF6BB01-2A91-4857-B77F-6D7E9ACE5DFB}.Debug|x64.Build.0 = Debug|Any CPU
		{AFF6BB01-2A91-4857-B77F-6D7E9ACE5DFB}.Debug|x86.ActiveCfg = Debug|Any CPU
		{AFF6BB01-2A91-4857-B77F-6D7E9ACE5DFB}.Debug|x86.Build.0 = Debug|Any CPU
		{AFF6BB01-2A91-4857-B77F-6D7E9ACE5DFB}.Release|Any CPU.ActiveCfg = Release|Any CPU
		{AFF6BB01-2A91-4857-B77F-6D7E9ACE5DFB}.Release|Any CPU.Build.0 = Release|Any CPU
		{AFF6BB01-2A91-4857-B77F-6D7E9ACE5DFB}.Release|x64.ActiveCfg = Release|Any CPU
		{AFF6BB01-2A91-4857-B77F-6D7E9ACE5DFB}.Release|x64.Build.0 = Release|Any CPU
		{AFF6BB01-2A91-4857-B77F-6D7E9ACE5DFB}.Release|x86.ActiveCfg = Release|Any CPU
		{AFF6BB01-2A91-4857-B77F-6D7E9ACE5DFB}.Release|x86.Build.0 = Release|Any CPU
		{FD52600E-7E7E-498C-958C-017C270F57FE}.Debug|Any CPU.ActiveCfg = Debug|Any CPU
		{FD52600E-7E7E-498C-958C-017C270F57FE}.Debug|Any CPU.Build.0 = Debug|Any CPU
		{FD52600E-7E7E-498C-958C-017C270F57FE}.Debug|x64.ActiveCfg = Debug|Any CPU
		{FD52600E-7E7E-498C-958C-017C270F57FE}.Debug|x64.Build.0 = Debug|Any CPU
		{FD52600E-7E7E-498C-958C-017C270F57FE}.Debug|x86.ActiveCfg = Debug|Any CPU
		{FD52600E-7E7E-498C-958C-017C270F57FE}.Debug|x86.Build.0 = Debug|Any CPU
		{FD52600E-7E7E-498C-958C-017C270F57FE}.Release|Any CPU.ActiveCfg = Release|Any CPU
		{FD52600E-7E7E-498C-958C-017C270F57FE}.Release|Any CPU.Build.0 = Release|Any CPU
		{FD52600E-7E7E-498C-958C-017C270F57FE}.Release|x64.ActiveCfg = Release|Any CPU
		{FD52600E-7E7E-498C-958C-017C270F57FE}.Release|x64.Build.0 = Release|Any CPU
		{FD52600E-7E7E-498C-958C-017C270F57FE}.Release|x86.ActiveCfg = Release|Any CPU
		{FD52600E-7E7E-498C-958C-017C270F57FE}.Release|x86.Build.0 = Release|Any CPU
		{5AA114C4-3A16-4D04-AC23-53C544033E4E}.Debug|Any CPU.ActiveCfg = Debug|Any CPU
		{5AA114C4-3A16-4D04-AC23-53C544033E4E}.Debug|Any CPU.Build.0 = Debug|Any CPU
		{5AA114C4-3A16-4D04-AC23-53C544033E4E}.Debug|x64.ActiveCfg = Debug|Any CPU
		{5AA114C4-3A16-4D04-AC23-53C544033E4E}.Debug|x64.Build.0 = Debug|Any CPU
		{5AA114C4-3A16-4D04-AC23-53C544033E4E}.Debug|x86.ActiveCfg = Debug|Any CPU
		{5AA114C4-3A16-4D04-AC23-53C544033E4E}.Debug|x86.Build.0 = Debug|Any CPU
		{5AA114C4-3A16-4D04-AC23-53C544033E4E}.Release|Any CPU.ActiveCfg = Release|Any CPU
		{5AA114C4-3A16-4D04-AC23-53C544033E4E}.Release|Any CPU.Build.0 = Release|Any CPU
		{5AA114C4-3A16-4D04-AC23-53C544033E4E}.Release|x64.ActiveCfg = Release|Any CPU
		{5AA114C4-3A16-4D04-AC23-53C544033E4E}.Release|x64.Build.0 = Release|Any CPU
		{5AA114C4-3A16-4D04-AC23-53C544033E4E}.Release|x86.ActiveCfg = Release|Any CPU
		{5AA114C4-3A16-4D04-AC23-53C544033E4E}.Release|x86.Build.0 = Release|Any CPU
	EndGlobalSection
	GlobalSection(SolutionProperties) = preSolution
		HideSolutionNode = FALSE
	EndGlobalSection
	GlobalSection(NestedProjects) = preSolution
		{FAEE2EFF-BB7F-40FC-BAEB-2D1C73D8C8FD} = {494C9545-3F0E-4AE5-826C-0EE4C413CC9D}
		{AA0ED25E-4258-4151-877B-200A6510E416} = {494C9545-3F0E-4AE5-826C-0EE4C413CC9D}
		{C3CA1751-3058-4560-B851-B1B72D2A8BBB} = {9A9EBD2F-0D15-445F-8027-E7BC9E2C7308}
		{AFF6BB01-2A91-4857-B77F-6D7E9ACE5DFB} = {9A9EBD2F-0D15-445F-8027-E7BC9E2C7308}
		{FD52600E-7E7E-498C-958C-017C270F57FE} = {353471FC-F0A4-4BE6-89C7-70C611D3CA81}
		{5AA114C4-3A16-4D04-AC23-53C544033E4E} = {353471FC-F0A4-4BE6-89C7-70C611D3CA81}
	EndGlobalSection
	GlobalSection(ExtensibilityGlobals) = postSolution
		SolutionGuid = {81C8F6BC-9934-4BB2-9C4A-957B68570B90}
	EndGlobalSection
EndGlobal
